// !$*UTF8*$!
{
	archiveVersion = 1;
	classes = {
	};
	objectVersion = 46;
	objects = {

/* Begin PBXBuildFile section */
		2865B8DB18D54C00007F8E7F /* camera512.png in Resources */ = {isa = PBXBuildFile; fileRef = 2865B8DA18D54C00007F8E7F /* camera512.png */; };
		2865B8DD18D5518A007F8E7F /* camera@2x.png in Resources */ = {isa = PBXBuildFile; fileRef = 2865B8DC18D5518A007F8E7F /* camera@2x.png */; };
		2865B8DF18D55190007F8E7F /* camera.png in Resources */ = {isa = PBXBuildFile; fileRef = 2865B8DE18D55190007F8E7F /* camera.png */; };
		2865B8EB18DD4A92007F8E7F /* Record.m in Sources */ = {isa = PBXBuildFile; fileRef = 2865B8EA18DD4A92007F8E7F /* Record.m */; };
		2865B8EE18DD4A93007F8E7F /* RecordPhoto.m in Sources */ = {isa = PBXBuildFile; fileRef = 2865B8ED18DD4A93007F8E7F /* RecordPhoto.m */; };
		2865B8F118DD4A93007F8E7F /* Vehicle.m in Sources */ = {isa = PBXBuildFile; fileRef = 2865B8F018DD4A93007F8E7F /* Vehicle.m */; };
		2865B8F418E352B7007F8E7F /* ImageViewController.m in Sources */ = {isa = PBXBuildFile; fileRef = 2865B8F318E352B7007F8E7F /* ImageViewController.m */; };
		286B08A219311D30009F0FAF /* MediaPlayer.framework in Frameworks */ = {isa = PBXBuildFile; fileRef = 286B08A119311D30009F0FAF /* MediaPlayer.framework */; };
		286B08A4193393A6009F0FAF /* QuartzCore.framework in Frameworks */ = {isa = PBXBuildFile; fileRef = 286B08A3193393A6009F0FAF /* QuartzCore.framework */; };
		28C8903918B3984000F8D37A /* im26.jpg in Resources */ = {isa = PBXBuildFile; fileRef = 28C8903818B3984000F8D37A /* im26.jpg */; };
		28C8903B18B3984900F8D37A /* im16.jpg in Resources */ = {isa = PBXBuildFile; fileRef = 28C8903A18B3984900F8D37A /* im16.jpg */; };
		28C8903D18B3985800F8D37A /* im31.jpg in Resources */ = {isa = PBXBuildFile; fileRef = 28C8903C18B3985800F8D37A /* im31.jpg */; };
		28C8904018B39AE400F8D37A /* VehicleViewController.m in Sources */ = {isa = PBXBuildFile; fileRef = 28C8903F18B39AE400F8D37A /* VehicleViewController.m */; };
		28C8904318B6867D00F8D37A /* ServiceViewController.m in Sources */ = {isa = PBXBuildFile; fileRef = 28C8904218B6867D00F8D37A /* ServiceViewController.m */; };
		28C8904918B6950000F8D37A /* RecordViewController.m in Sources */ = {isa = PBXBuildFile; fileRef = 28C8904818B6950000F8D37A /* RecordViewController.m */; };
		28C8906318BBC52700F8D37A /* settings.png in Resources */ = {isa = PBXBuildFile; fileRef = 28C8906218BBC52700F8D37A /* settings.png */; };
		28C8C16C18A97E0F009231DA /* Foundation.framework in Frameworks */ = {isa = PBXBuildFile; fileRef = 28C8C16B18A97E0F009231DA /* Foundation.framework */; };
		28C8C16E18A97E0F009231DA /* CoreGraphics.framework in Frameworks */ = {isa = PBXBuildFile; fileRef = 28C8C16D18A97E0F009231DA /* CoreGraphics.framework */; };
		28C8C17018A97E0F009231DA /* UIKit.framework in Frameworks */ = {isa = PBXBuildFile; fileRef = 28C8C16F18A97E0F009231DA /* UIKit.framework */; };
		28C8C17218A97E0F009231DA /* CoreData.framework in Frameworks */ = {isa = PBXBuildFile; fileRef = 28C8C17118A97E0F009231DA /* CoreData.framework */; };
		28C8C17818A97E0F009231DA /* InfoPlist.strings in Resources */ = {isa = PBXBuildFile; fileRef = 28C8C17618A97E0F009231DA /* InfoPlist.strings */; };
		28C8C17A18A97E0F009231DA /* main.m in Sources */ = {isa = PBXBuildFile; fileRef = 28C8C17918A97E0F009231DA /* main.m */; };
		28C8C17E18A97E0F009231DA /* AppDelegate.m in Sources */ = {isa = PBXBuildFile; fileRef = 28C8C17D18A97E0F009231DA /* AppDelegate.m */; };
		28C8C18118A97E0F009231DA /* ServiceRecord.xcdatamodeld in Sources */ = {isa = PBXBuildFile; fileRef = 28C8C17F18A97E0F009231DA /* ServiceRecord.xcdatamodeld */; };
		28C8C18318A97E0F009231DA /* Images.xcassets in Resources */ = {isa = PBXBuildFile; fileRef = 28C8C18218A97E0F009231DA /* Images.xcassets */; };
		28C8C18A18A97E0F009231DA /* XCTest.framework in Frameworks */ = {isa = PBXBuildFile; fileRef = 28C8C18918A97E0F009231DA /* XCTest.framework */; };
		28C8C18B18A97E0F009231DA /* Foundation.framework in Frameworks */ = {isa = PBXBuildFile; fileRef = 28C8C16B18A97E0F009231DA /* Foundation.framework */; };
		28C8C18C18A97E0F009231DA /* UIKit.framework in Frameworks */ = {isa = PBXBuildFile; fileRef = 28C8C16F18A97E0F009231DA /* UIKit.framework */; };
		28C8C18D18A97E0F009231DA /* CoreData.framework in Frameworks */ = {isa = PBXBuildFile; fileRef = 28C8C17118A97E0F009231DA /* CoreData.framework */; };
		28C8C19518A97E0F009231DA /* InfoPlist.strings in Resources */ = {isa = PBXBuildFile; fileRef = 28C8C19318A97E0F009231DA /* InfoPlist.strings */; };
		28C8C19718A97E0F009231DA /* ServiceRecordTests.m in Sources */ = {isa = PBXBuildFile; fileRef = 28C8C19618A97E0F009231DA /* ServiceRecordTests.m */; };
		28C8C1A218A982F5009231DA /* FeaturedViewController.m in Sources */ = {isa = PBXBuildFile; fileRef = 28C8C1A118A982F5009231DA /* FeaturedViewController.m */; };
		28F8ABA01916D83C00A373C7 /* ImageSearchViewController.m in Sources */ = {isa = PBXBuildFile; fileRef = 28F8AB9F1916D83C00A373C7 /* ImageSearchViewController.m */; };
		28FEA71518C0ECBA00D1655E /* MobileCoreServices.framework in Frameworks */ = {isa = PBXBuildFile; fileRef = 28FEA71418C0ECBA00D1655E /* MobileCoreServices.framework */; };
/* End PBXBuildFile section */

/* Begin PBXContainerItemProxy section */
		28C8C18E18A97E0F009231DA /* PBXContainerItemProxy */ = {
			isa = PBXContainerItemProxy;
			containerPortal = 28C8C16018A97E0F009231DA /* Project object */;
			proxyType = 1;
			remoteGlobalIDString = 28C8C16718A97E0F009231DA;
			remoteInfo = ServiceRecord;
		};
/* End PBXContainerItemProxy section */

/* Begin PBXFileReference section */
		2865B8DA18D54C00007F8E7F /* camera512.png */ = {isa = PBXFileReference; lastKnownFileType = image.png; path = camera512.png; sourceTree = "<group>"; };
		2865B8DC18D5518A007F8E7F /* camera@2x.png */ = {isa = PBXFileReference; lastKnownFileType = image.png; path = "camera@2x.png"; sourceTree = "<group>"; };
		2865B8DE18D55190007F8E7F /* camera.png */ = {isa = PBXFileReference; lastKnownFileType = image.png; path = camera.png; sourceTree = "<group>"; };
		2865B8E918DD4A92007F8E7F /* Record.h */ = {isa = PBXFileReference; fileEncoding = 4; lastKnownFileType = sourcecode.c.h; path = Record.h; sourceTree = "<group>"; };
		2865B8EA18DD4A92007F8E7F /* Record.m */ = {isa = PBXFileReference; fileEncoding = 4; lastKnownFileType = sourcecode.c.objc; path = Record.m; sourceTree = "<group>"; };
		2865B8EC18DD4A93007F8E7F /* RecordPhoto.h */ = {isa = PBXFileReference; fileEncoding = 4; lastKnownFileType = sourcecode.c.h; path = RecordPhoto.h; sourceTree = "<group>"; };
		2865B8ED18DD4A93007F8E7F /* RecordPhoto.m */ = {isa = PBXFileReference; fileEncoding = 4; lastKnownFileType = sourcecode.c.objc; path = RecordPhoto.m; sourceTree = "<group>"; };
		2865B8EF18DD4A93007F8E7F /* Vehicle.h */ = {isa = PBXFileReference; fileEncoding = 4; lastKnownFileType = sourcecode.c.h; path = Vehicle.h; sourceTree = "<group>"; };
		2865B8F018DD4A93007F8E7F /* Vehicle.m */ = {isa = PBXFileReference; fileEncoding = 4; lastKnownFileType = sourcecode.c.objc; path = Vehicle.m; sourceTree = "<group>"; };
		2865B8F218E352B7007F8E7F /* ImageViewController.h */ = {isa = PBXFileReference; fileEncoding = 4; lastKnownFileType = sourcecode.c.h; path = ImageViewController.h; sourceTree = "<group>"; };
		2865B8F318E352B7007F8E7F /* ImageViewController.m */ = {isa = PBXFileReference; fileEncoding = 4; lastKnownFileType = sourcecode.c.objc; path = ImageViewController.m; sourceTree = "<group>"; };
		286B08A119311D30009F0FAF /* MediaPlayer.framework */ = {isa = PBXFileReference; lastKnownFileType = wrapper.framework; name = MediaPlayer.framework; path = System/Library/Frameworks/MediaPlayer.framework; sourceTree = SDKROOT; };
		286B08A3193393A6009F0FAF /* QuartzCore.framework */ = {isa = PBXFileReference; lastKnownFileType = wrapper.framework; name = QuartzCore.framework; path = System/Library/Frameworks/QuartzCore.framework; sourceTree = SDKROOT; };
		28C8903818B3984000F8D37A /* im26.jpg */ = {isa = PBXFileReference; lastKnownFileType = image.jpeg; name = im26.jpg; path = ../../../Pictures/im26.jpg; sourceTree = "<group>"; };
		28C8903A18B3984900F8D37A /* im16.jpg */ = {isa = PBXFileReference; lastKnownFileType = image.jpeg; name = im16.jpg; path = ../../../Pictures/im16.jpg; sourceTree = "<group>"; };
		28C8903C18B3985800F8D37A /* im31.jpg */ = {isa = PBXFileReference; lastKnownFileType = image.jpeg; name = im31.jpg; path = ../../../Pictures/im31.jpg; sourceTree = "<group>"; };
		28C8903E18B39AE400F8D37A /* VehicleViewController.h */ = {isa = PBXFileReference; fileEncoding = 4; lastKnownFileType = sourcecode.c.h; path = VehicleViewController.h; sourceTree = "<group>"; };
		28C8903F18B39AE400F8D37A /* VehicleViewController.m */ = {isa = PBXFileReference; fileEncoding = 4; lastKnownFileType = sourcecode.c.objc; path = VehicleViewController.m; sourceTree = "<group>"; };
		28C8904118B6867D00F8D37A /* ServiceViewController.h */ = {isa = PBXFileReference; fileEncoding = 4; lastKnownFileType = sourcecode.c.h; path = ServiceViewController.h; sourceTree = "<group>"; };
		28C8904218B6867D00F8D37A /* ServiceViewController.m */ = {isa = PBXFileReference; fileEncoding = 4; lastKnownFileType = sourcecode.c.objc; path = ServiceViewController.m; sourceTree = "<group>"; };
		28C8904718B6950000F8D37A /* RecordViewController.h */ = {isa = PBXFileReference; fileEncoding = 4; lastKnownFileType = sourcecode.c.h; name = RecordViewController.h; path = ../RecordViewController.h; sourceTree = "<group>"; };
		28C8904818B6950000F8D37A /* RecordViewController.m */ = {isa = PBXFileReference; fileEncoding = 4; lastKnownFileType = sourcecode.c.objc; name = RecordViewController.m; path = ../RecordViewController.m; sourceTree = "<group>"; };
		28C8906218BBC52700F8D37A /* settings.png */ = {isa = PBXFileReference; lastKnownFileType = image.png; name = settings.png; path = ../../../../../../Volumes/Stallion/Downloads/settings.png; sourceTree = "<group>"; };
		28C8C16818A97E0F009231DA /* ChainLube.app */ = {isa = PBXFileReference; explicitFileType = wrapper.application; includeInIndex = 0; path = ChainLube.app; sourceTree = BUILT_PRODUCTS_DIR; };
		28C8C16B18A97E0F009231DA /* Foundation.framework */ = {isa = PBXFileReference; lastKnownFileType = wrapper.framework; name = Foundation.framework; path = System/Library/Frameworks/Foundation.framework; sourceTree = SDKROOT; };
		28C8C16D18A97E0F009231DA /* CoreGraphics.framework */ = {isa = PBXFileReference; lastKnownFileType = wrapper.framework; name = CoreGraphics.framework; path = System/Library/Frameworks/CoreGraphics.framework; sourceTree = SDKROOT; };
		28C8C16F18A97E0F009231DA /* UIKit.framework */ = {isa = PBXFileReference; lastKnownFileType = wrapper.framework; name = UIKit.framework; path = System/Library/Frameworks/UIKit.framework; sourceTree = SDKROOT; };
		28C8C17118A97E0F009231DA /* CoreData.framework */ = {isa = PBXFileReference; lastKnownFileType = wrapper.framework; name = CoreData.framework; path = System/Library/Frameworks/CoreData.framework; sourceTree = SDKROOT; };
		28C8C17518A97E0F009231DA /* ServiceRecord-Info.plist */ = {isa = PBXFileReference; lastKnownFileType = text.plist.xml; path = "ServiceRecord-Info.plist"; sourceTree = "<group>"; };
		28C8C17718A97E0F009231DA /* en */ = {isa = PBXFileReference; lastKnownFileType = text.plist.strings; name = en; path = en.lproj/InfoPlist.strings; sourceTree = "<group>"; };
		28C8C17918A97E0F009231DA /* main.m */ = {isa = PBXFileReference; lastKnownFileType = sourcecode.c.objc; path = main.m; sourceTree = "<group>"; };
		28C8C17B18A97E0F009231DA /* ServiceRecord-Prefix.pch */ = {isa = PBXFileReference; lastKnownFileType = sourcecode.c.h; path = "ServiceRecord-Prefix.pch"; sourceTree = "<group>"; };
		28C8C17C18A97E0F009231DA /* AppDelegate.h */ = {isa = PBXFileReference; lastKnownFileType = sourcecode.c.h; path = AppDelegate.h; sourceTree = "<group>"; };
		28C8C17D18A97E0F009231DA /* AppDelegate.m */ = {isa = PBXFileReference; lastKnownFileType = sourcecode.c.objc; path = AppDelegate.m; sourceTree = "<group>"; };
		28C8C18018A97E0F009231DA /* ServiceRecord.xcdatamodel */ = {isa = PBXFileReference; lastKnownFileType = wrapper.xcdatamodel; path = ServiceRecord.xcdatamodel; sourceTree = "<group>"; };
		28C8C18218A97E0F009231DA /* Images.xcassets */ = {isa = PBXFileReference; lastKnownFileType = folder.assetcatalog; path = Images.xcassets; sourceTree = "<group>"; };
		28C8C18818A97E0F009231DA /* ServiceRecordTests.xctest */ = {isa = PBXFileReference; explicitFileType = wrapper.cfbundle; includeInIndex = 0; path = ServiceRecordTests.xctest; sourceTree = BUILT_PRODUCTS_DIR; };
		28C8C18918A97E0F009231DA /* XCTest.framework */ = {isa = PBXFileReference; lastKnownFileType = wrapper.framework; name = XCTest.framework; path = Library/Frameworks/XCTest.framework; sourceTree = DEVELOPER_DIR; };
		28C8C19218A97E0F009231DA /* ServiceRecordTests-Info.plist */ = {isa = PBXFileReference; lastKnownFileType = text.plist.xml; path = "ServiceRecordTests-Info.plist"; sourceTree = "<group>"; };
		28C8C19418A97E0F009231DA /* en */ = {isa = PBXFileReference; lastKnownFileType = text.plist.strings; name = en; path = en.lproj/InfoPlist.strings; sourceTree = "<group>"; };
		28C8C19618A97E0F009231DA /* ServiceRecordTests.m */ = {isa = PBXFileReference; lastKnownFileType = sourcecode.c.objc; path = ServiceRecordTests.m; sourceTree = "<group>"; };
		28C8C1A018A982F5009231DA /* FeaturedViewController.h */ = {isa = PBXFileReference; fileEncoding = 4; lastKnownFileType = sourcecode.c.h; name = FeaturedViewController.h; path = ViewControllers/FeaturedViewController.h; sourceTree = "<group>"; };
		28C8C1A118A982F5009231DA /* FeaturedViewController.m */ = {isa = PBXFileReference; fileEncoding = 4; lastKnownFileType = sourcecode.c.objc; name = FeaturedViewController.m; path = ViewControllers/FeaturedViewController.m; sourceTree = "<group>"; };
		28F8AB9E1916D83C00A373C7 /* ImageSearchViewController.h */ = {isa = PBXFileReference; fileEncoding = 4; lastKnownFileType = sourcecode.c.h; path = ImageSearchViewController.h; sourceTree = "<group>"; };
		28F8AB9F1916D83C00A373C7 /* ImageSearchViewController.m */ = {isa = PBXFileReference; fileEncoding = 4; lastKnownFileType = sourcecode.c.objc; path = ImageSearchViewController.m; sourceTree = "<group>"; };
		28FEA71418C0ECBA00D1655E /* MobileCoreServices.framework */ = {isa = PBXFileReference; lastKnownFileType = wrapper.framework; name = MobileCoreServices.framework; path = System/Library/Frameworks/MobileCoreServices.framework; sourceTree = SDKROOT; };
/* End PBXFileReference section */

/* Begin PBXFrameworksBuildPhase section */
		28C8C16518A97E0F009231DA /* Frameworks */ = {
			isa = PBXFrameworksBuildPhase;
			buildActionMask = 2147483647;
			files = (
				286B08A4193393A6009F0FAF /* QuartzCore.framework in Frameworks */,
				286B08A219311D30009F0FAF /* MediaPlayer.framework in Frameworks */,
				28FEA71518C0ECBA00D1655E /* MobileCoreServices.framework in Frameworks */,
				28C8C16E18A97E0F009231DA /* CoreGraphics.framework in Frameworks */,
				28C8C17218A97E0F009231DA /* CoreData.framework in Frameworks */,
				28C8C17018A97E0F009231DA /* UIKit.framework in Frameworks */,
				28C8C16C18A97E0F009231DA /* Foundation.framework in Frameworks */,
			);
			runOnlyForDeploymentPostprocessing = 0;
		};
		28C8C18518A97E0F009231DA /* Frameworks */ = {
			isa = PBXFrameworksBuildPhase;
			buildActionMask = 2147483647;
			files = (
				28C8C18A18A97E0F009231DA /* XCTest.framework in Frameworks */,
				28C8C18D18A97E0F009231DA /* CoreData.framework in Frameworks */,
				28C8C18C18A97E0F009231DA /* UIKit.framework in Frameworks */,
				28C8C18B18A97E0F009231DA /* Foundation.framework in Frameworks */,
			);
			runOnlyForDeploymentPostprocessing = 0;
		};
/* End PBXFrameworksBuildPhase section */

/* Begin PBXGroup section */
		28C8903718B3982600F8D37A /* images */ = {
			isa = PBXGroup;
			children = (
				2865B8DA18D54C00007F8E7F /* camera512.png */,
				2865B8DC18D5518A007F8E7F /* camera@2x.png */,
				2865B8DE18D55190007F8E7F /* camera.png */,
				28C8906218BBC52700F8D37A /* settings.png */,
				28C8903C18B3985800F8D37A /* im31.jpg */,
				28C8903A18B3984900F8D37A /* im16.jpg */,
				28C8903818B3984000F8D37A /* im26.jpg */,
			);
			name = images;
			sourceTree = "<group>";
		};
		28C8C15F18A97E0F009231DA = {
			isa = PBXGroup;
			children = (
				28C8C17318A97E0F009231DA /* ChainLube */,
				28C8C19018A97E0F009231DA /* ServiceRecordTests */,
				28C8C16A18A97E0F009231DA /* Frameworks */,
				28C8C16918A97E0F009231DA /* Products */,
			);
			sourceTree = "<group>";
		};
		28C8C16918A97E0F009231DA /* Products */ = {
			isa = PBXGroup;
			children = (
				28C8C16818A97E0F009231DA /* ChainLube.app */,
				28C8C18818A97E0F009231DA /* ServiceRecordTests.xctest */,
			);
			name = Products;
			sourceTree = "<group>";
		};
		28C8C16A18A97E0F009231DA /* Frameworks */ = {
			isa = PBXGroup;
			children = (
				286B08A3193393A6009F0FAF /* QuartzCore.framework */,
				286B08A119311D30009F0FAF /* MediaPlayer.framework */,
				28FEA71418C0ECBA00D1655E /* MobileCoreServices.framework */,
				28C8C16B18A97E0F009231DA /* Foundation.framework */,
				28C8C16D18A97E0F009231DA /* CoreGraphics.framework */,
				28C8C16F18A97E0F009231DA /* UIKit.framework */,
				28C8C17118A97E0F009231DA /* CoreData.framework */,
				28C8C18918A97E0F009231DA /* XCTest.framework */,
			);
			name = Frameworks;
			sourceTree = "<group>";
		};
		28C8C17318A97E0F009231DA /* ChainLube */ = {
			isa = PBXGroup;
			children = (
				28C8C17C18A97E0F009231DA /* AppDelegate.h */,
				28C8C17D18A97E0F009231DA /* AppDelegate.m */,
				28C8C1A018A982F5009231DA /* FeaturedViewController.h */,
				28C8C1A118A982F5009231DA /* FeaturedViewController.m */,
				28C8903E18B39AE400F8D37A /* VehicleViewController.h */,
				28C8903F18B39AE400F8D37A /* VehicleViewController.m */,
				28C8904118B6867D00F8D37A /* ServiceViewController.h */,
				28C8904218B6867D00F8D37A /* ServiceViewController.m */,
				28C8904718B6950000F8D37A /* RecordViewController.h */,
				28C8904818B6950000F8D37A /* RecordViewController.m */,
				2865B8F218E352B7007F8E7F /* ImageViewController.h */,
				2865B8F318E352B7007F8E7F /* ImageViewController.m */,
				28F8AB9E1916D83C00A373C7 /* ImageSearchViewController.h */,
				28F8AB9F1916D83C00A373C7 /* ImageSearchViewController.m */,
				28C8903718B3982600F8D37A /* images */,
				28C8C18218A97E0F009231DA /* Images.xcassets */,
				28C8C17F18A97E0F009231DA /* ServiceRecord.xcdatamodeld */,
				2865B8EF18DD4A93007F8E7F /* Vehicle.h */,
				2865B8F018DD4A93007F8E7F /* Vehicle.m */,
				2865B8EC18DD4A93007F8E7F /* RecordPhoto.h */,
				2865B8ED18DD4A93007F8E7F /* RecordPhoto.m */,
				2865B8E918DD4A92007F8E7F /* Record.h */,
				2865B8EA18DD4A92007F8E7F /* Record.m */,
				28C8C17418A97E0F009231DA /* Supporting Files */,
			);
			name = ChainLube;
			path = ServiceRecord;
			sourceTree = "<group>";
		};
		28C8C17418A97E0F009231DA /* Supporting Files */ = {
			isa = PBXGroup;
			children = (
				28C8C17518A97E0F009231DA /* ServiceRecord-Info.plist */,
				28C8C17618A97E0F009231DA /* InfoPlist.strings */,
				28C8C17918A97E0F009231DA /* main.m */,
				28C8C17B18A97E0F009231DA /* ServiceRecord-Prefix.pch */,
			);
			name = "Supporting Files";
			sourceTree = "<group>";
		};
		28C8C19018A97E0F009231DA /* ServiceRecordTests */ = {
			isa = PBXGroup;
			children = (
				28C8C19618A97E0F009231DA /* ServiceRecordTests.m */,
				28C8C19118A97E0F009231DA /* Supporting Files */,
			);
			path = ServiceRecordTests;
			sourceTree = "<group>";
		};
		28C8C19118A97E0F009231DA /* Supporting Files */ = {
			isa = PBXGroup;
			children = (
				28C8C19218A97E0F009231DA /* ServiceRecordTests-Info.plist */,
				28C8C19318A97E0F009231DA /* InfoPlist.strings */,
			);
			name = "Supporting Files";
			sourceTree = "<group>";
		};
/* End PBXGroup section */

/* Begin PBXNativeTarget section */
		28C8C16718A97E0F009231DA /* ChainLube */ = {
			isa = PBXNativeTarget;
			buildConfigurationList = 28C8C19A18A97E0F009231DA /* Build configuration list for PBXNativeTarget "ChainLube" */;
			buildPhases = (
				28C8C16418A97E0F009231DA /* Sources */,
				28C8C16518A97E0F009231DA /* Frameworks */,
				28C8C16618A97E0F009231DA /* Resources */,
			);
			buildRules = (
			);
			dependencies = (
			);
			name = ChainLube;
			productName = ServiceRecord;
			productReference = 28C8C16818A97E0F009231DA /* ChainLube.app */;
			productType = "com.apple.product-type.application";
		};
		28C8C18718A97E0F009231DA /* ServiceRecordTests */ = {
			isa = PBXNativeTarget;
			buildConfigurationList = 28C8C19D18A97E0F009231DA /* Build configuration list for PBXNativeTarget "ServiceRecordTests" */;
			buildPhases = (
				28C8C18418A97E0F009231DA /* Sources */,
				28C8C18518A97E0F009231DA /* Frameworks */,
				28C8C18618A97E0F009231DA /* Resources */,
			);
			buildRules = (
			);
			dependencies = (
				28C8C18F18A97E0F009231DA /* PBXTargetDependency */,
			);
			name = ServiceRecordTests;
			productName = ServiceRecordTests;
			productReference = 28C8C18818A97E0F009231DA /* ServiceRecordTests.xctest */;
			productType = "com.apple.product-type.bundle.unit-test";
		};
/* End PBXNativeTarget section */

/* Begin PBXProject section */
		28C8C16018A97E0F009231DA /* Project object */ = {
			isa = PBXProject;
			attributes = {
				LastUpgradeCheck = 0510;
				ORGANIZATIONNAME = "Black Magma Inc.";
				TargetAttributes = {
					28C8C16718A97E0F009231DA = {
						DevelopmentTeam = RB33Z6JE4A;
					};
					28C8C18718A97E0F009231DA = {
						TestTargetID = 28C8C16718A97E0F009231DA;
					};
				};
			};
			buildConfigurationList = 28C8C16318A97E0F009231DA /* Build configuration list for PBXProject "ChainLube" */;
			compatibilityVersion = "Xcode 3.2";
			developmentRegion = English;
			hasScannedForEncodings = 0;
			knownRegions = (
				en,
			);
			mainGroup = 28C8C15F18A97E0F009231DA;
			productRefGroup = 28C8C16918A97E0F009231DA /* Products */;
			projectDirPath = "";
			projectRoot = "";
			targets = (
				28C8C16718A97E0F009231DA /* ChainLube */,
				28C8C18718A97E0F009231DA /* ServiceRecordTests */,
			);
		};
/* End PBXProject section */

/* Begin PBXResourcesBuildPhase section */
		28C8C16618A97E0F009231DA /* Resources */ = {
			isa = PBXResourcesBuildPhase;
			buildActionMask = 2147483647;
			files = (
				28C8903B18B3984900F8D37A /* im16.jpg in Resources */,
				28C8C17818A97E0F009231DA /* InfoPlist.strings in Resources */,
				2865B8DF18D55190007F8E7F /* camera.png in Resources */,
				2865B8DD18D5518A007F8E7F /* camera@2x.png in Resources */,
				28C8906318BBC52700F8D37A /* settings.png in Resources */,
				28C8903918B3984000F8D37A /* im26.jpg in Resources */,
				2865B8DB18D54C00007F8E7F /* camera512.png in Resources */,
				28C8C18318A97E0F009231DA /* Images.xcassets in Resources */,
				28C8903D18B3985800F8D37A /* im31.jpg in Resources */,
			);
			runOnlyForDeploymentPostprocessing = 0;
		};
		28C8C18618A97E0F009231DA /* Resources */ = {
			isa = PBXResourcesBuildPhase;
			buildActionMask = 2147483647;
			files = (
				28C8C19518A97E0F009231DA /* InfoPlist.strings in Resources */,
			);
			runOnlyForDeploymentPostprocessing = 0;
		};
/* End PBXResourcesBuildPhase section */

/* Begin PBXSourcesBuildPhase section */
		28C8C16418A97E0F009231DA /* Sources */ = {
			isa = PBXSourcesBuildPhase;
			buildActionMask = 2147483647;
			files = (
				2865B8EB18DD4A92007F8E7F /* Record.m in Sources */,
				28C8C17E18A97E0F009231DA /* AppDelegate.m in Sources */,
				28C8C17A18A97E0F009231DA /* main.m in Sources */,
				28C8904318B6867D00F8D37A /* ServiceViewController.m in Sources */,
				2865B8F418E352B7007F8E7F /* ImageViewController.m in Sources */,
				2865B8F118DD4A93007F8E7F /* Vehicle.m in Sources */,
				28F8ABA01916D83C00A373C7 /* ImageSearchViewController.m in Sources */,
				28C8C1A218A982F5009231DA /* FeaturedViewController.m in Sources */,
				28C8904018B39AE400F8D37A /* VehicleViewController.m in Sources */,
				28C8904918B6950000F8D37A /* RecordViewController.m in Sources */,
				28C8C18118A97E0F009231DA /* ServiceRecord.xcdatamodeld in Sources */,
				2865B8EE18DD4A93007F8E7F /* RecordPhoto.m in Sources */,
			);
			runOnlyForDeploymentPostprocessing = 0;
		};
		28C8C18418A97E0F009231DA /* Sources */ = {
			isa = PBXSourcesBuildPhase;
			buildActionMask = 2147483647;
			files = (
				28C8C19718A97E0F009231DA /* ServiceRecordTests.m in Sources */,
			);
			runOnlyForDeploymentPostprocessing = 0;
		};
/* End PBXSourcesBuildPhase section */

/* Begin PBXTargetDependency section */
		28C8C18F18A97E0F009231DA /* PBXTargetDependency */ = {
			isa = PBXTargetDependency;
			target = 28C8C16718A97E0F009231DA /* ChainLube */;
			targetProxy = 28C8C18E18A97E0F009231DA /* PBXContainerItemProxy */;
		};
/* End PBXTargetDependency section */

/* Begin PBXVariantGroup section */
		28C8C17618A97E0F009231DA /* InfoPlist.strings */ = {
			isa = PBXVariantGroup;
			children = (
				28C8C17718A97E0F009231DA /* en */,
			);
			name = InfoPlist.strings;
			sourceTree = "<group>";
		};
		28C8C19318A97E0F009231DA /* InfoPlist.strings */ = {
			isa = PBXVariantGroup;
			children = (
				28C8C19418A97E0F009231DA /* en */,
			);
			name = InfoPlist.strings;
			sourceTree = "<group>";
		};
/* End PBXVariantGroup section */

/* Begin XCBuildConfiguration section */
		28C8C19818A97E0F009231DA /* Debug */ = {
			isa = XCBuildConfiguration;
			buildSettings = {
				ALWAYS_SEARCH_USER_PATHS = NO;
				CLANG_CXX_LANGUAGE_STANDARD = "gnu++0x";
				CLANG_CXX_LIBRARY = "libc++";
				CLANG_ENABLE_MODULES = YES;
				CLANG_ENABLE_OBJC_ARC = YES;
				CLANG_WARN_BOOL_CONVERSION = YES;
				CLANG_WARN_CONSTANT_CONVERSION = YES;
				CLANG_WARN_DIRECT_OBJC_ISA_USAGE = YES_ERROR;
				CLANG_WARN_EMPTY_BODY = YES;
				CLANG_WARN_ENUM_CONVERSION = YES;
				CLANG_WARN_INT_CONVERSION = YES;
				CLANG_WARN_OBJC_ROOT_CLASS = YES_ERROR;
				CLANG_WARN__DUPLICATE_METHOD_MATCH = YES;
				"CODE_SIGN_IDENTITY[sdk=iphoneos*]" = "iPhone Developer";
				COPY_PHASE_STRIP = NO;
				GCC_C_LANGUAGE_STANDARD = gnu99;
				GCC_DYNAMIC_NO_PIC = NO;
				GCC_OPTIMIZATION_LEVEL = 0;
				GCC_PREPROCESSOR_DEFINITIONS = (
					"DEBUG=1",
					"$(inherited)",
				);
				GCC_SYMBOLS_PRIVATE_EXTERN = NO;
				GCC_WARN_64_TO_32_BIT_CONVERSION = YES;
				GCC_WARN_ABOUT_RETURN_TYPE = YES_ERROR;
				GCC_WARN_UNDECLARED_SELECTOR = YES;
				GCC_WARN_UNINITIALIZED_AUTOS = YES;
				GCC_WARN_UNUSED_FUNCTION = YES;
				GCC_WARN_UNUSED_VARIABLE = YES;
				IPHONEOS_DEPLOYMENT_TARGET = 7.0;
				ONLY_ACTIVE_ARCH = YES;
				SDKROOT = iphoneos;
				TARGETED_DEVICE_FAMILY = "1,2";
			};
			name = Debug;
		};
		28C8C19918A97E0F009231DA /* Release */ = {
			isa = XCBuildConfiguration;
			buildSettings = {
				ALWAYS_SEARCH_USER_PATHS = NO;
				CLANG_CXX_LANGUAGE_STANDARD = "gnu++0x";
				CLANG_CXX_LIBRARY = "libc++";
				CLANG_ENABLE_MODULES = YES;
				CLANG_ENABLE_OBJC_ARC = YES;
				CLANG_WARN_BOOL_CONVERSION = YES;
				CLANG_WARN_CONSTANT_CONVERSION = YES;
				CLANG_WARN_DIRECT_OBJC_ISA_USAGE = YES_ERROR;
				CLANG_WARN_EMPTY_BODY = YES;
				CLANG_WARN_ENUM_CONVERSION = YES;
				CLANG_WARN_INT_CONVERSION = YES;
				CLANG_WARN_OBJC_ROOT_CLASS = YES_ERROR;
				CLANG_WARN__DUPLICATE_METHOD_MATCH = YES;
				"CODE_SIGN_IDENTITY[sdk=iphoneos*]" = "iPhone Developer";
				COPY_PHASE_STRIP = YES;
				ENABLE_NS_ASSERTIONS = NO;
				GCC_C_LANGUAGE_STANDARD = gnu99;
				GCC_WARN_64_TO_32_BIT_CONVERSION = YES;
				GCC_WARN_ABOUT_RETURN_TYPE = YES_ERROR;
				GCC_WARN_UNDECLARED_SELECTOR = YES;
				GCC_WARN_UNINITIALIZED_AUTOS = YES;
				GCC_WARN_UNUSED_FUNCTION = YES;
				GCC_WARN_UNUSED_VARIABLE = YES;
				IPHONEOS_DEPLOYMENT_TARGET = 7.0;
				SDKROOT = iphoneos;
				TARGETED_DEVICE_FAMILY = "1,2";
				VALIDATE_PRODUCT = YES;
			};
			name = Release;
		};
		28C8C19B18A97E0F009231DA /* Debug */ = {
			isa = XCBuildConfiguration;
			buildSettings = {
				ASSETCATALOG_COMPILER_APPICON_NAME = AppIcon;
				ASSETCATALOG_COMPILER_LAUNCHIMAGE_NAME = LaunchImage;
				CODE_SIGN_IDENTITY = "iPhone Developer";
				GCC_PRECOMPILE_PREFIX_HEADER = YES;
				GCC_PREFIX_HEADER = "ServiceRecord/ServiceRecord-Prefix.pch";
				INFOPLIST_FILE = "ServiceRecord/ServiceRecord-Info.plist";
				PRODUCT_NAME = ChainLube;
				WRAPPER_EXTENSION = app;
			};
			name = Debug;
		};
		28C8C19C18A97E0F009231DA /* Release */ = {
			isa = XCBuildConfiguration;
			buildSettings = {
				ASSETCATALOG_COMPILER_APPICON_NAME = AppIcon;
				ASSETCATALOG_COMPILER_LAUNCHIMAGE_NAME = LaunchImage;
				CODE_SIGN_IDENTITY = "iPhone Developer";
				GCC_PRECOMPILE_PREFIX_HEADER = YES;
				GCC_PREFIX_HEADER = "ServiceRecord/ServiceRecord-Prefix.pch";
				INFOPLIST_FILE = "ServiceRecord/ServiceRecord-Info.plist";
				PRODUCT_NAME = ChainLube;
				WRAPPER_EXTENSION = app;
			};
			name = Release;
		};
		28C8C19E18A97E0F009231DA /* Debug */ = {
			isa = XCBuildConfiguration;
			buildSettings = {
				BUNDLE_LOADER = "$(BUILT_PRODUCTS_DIR)/ServiceRecord.app/ServiceRecord";
				FRAMEWORK_SEARCH_PATHS = (
					"$(SDKROOT)/Developer/Library/Frameworks",
					"$(inherited)",
					"$(DEVELOPER_FRAMEWORKS_DIR)",
				);
				GCC_PRECOMPILE_PREFIX_HEADER = YES;
				GCC_PREFIX_HEADER = "ServiceRecord/ServiceRecord-Prefix.pch";
				GCC_PREPROCESSOR_DEFINITIONS = (
					"DEBUG=1",
					"$(inherited)",
				);
				INFOPLIST_FILE = "ServiceRecordTests/ServiceRecordTests-Info.plist";
				PRODUCT_NAME = "$(TARGET_NAME)";
				TEST_HOST = "$(BUNDLE_LOADER)";
				WRAPPER_EXTENSION = xctest;
			};
			name = Debug;
		};
		28C8C19F18A97E0F009231DA /* Release */ = {
			isa = XCBuildConfiguration;
			buildSettings = {
				BUNDLE_LOADER = "$(BUILT_PRODUCTS_DIR)/ServiceRecord.app/ServiceRecord";
				FRAMEWORK_SEARCH_PATHS = (
					"$(SDKROOT)/Developer/Library/Frameworks",
					"$(inherited)",
					"$(DEVELOPER_FRAMEWORKS_DIR)",
				);
				GCC_PRECOMPILE_PREFIX_HEADER = YES;
				GCC_PREFIX_HEADER = "ServiceRecord/ServiceRecord-Prefix.pch";
				INFOPLIST_FILE = "ServiceRecordTests/ServiceRecordTests-Info.plist";
				PRODUCT_NAME = "$(TARGET_NAME)";
				TEST_HOST = "$(BUNDLE_LOADER)";
				WRAPPER_EXTENSION = xctest;
			};
			name = Release;
		};
/* End XCBuildConfiguration section */

/* Begin XCConfigurationList section */
		28C8C16318A97E0F009231DA /* Build configuration list for PBXProject "ChainLube" */ = {
			isa = XCConfigurationList;
			buildConfigurations = (
				28C8C19818A97E0F009231DA /* Debug */,
				28C8C19918A97E0F009231DA /* Release */,
			);
			defaultConfigurationIsVisible = 0;
			defaultConfigurationName = Release;
		};
		28C8C19A18A97E0F009231DA /* Build configuration list for PBXNativeTarget "ChainLube" */ = {
			isa = XCConfigurationList;
			buildConfigurations = (
				28C8C19B18A97E0F009231DA /* Debug */,
				28C8C19C18A97E0F009231DA /* Release */,
			);
			defaultConfigurationIsVisible = 0;
			defaultConfigurationName = Release;
		};
		28C8C19D18A97E0F009231DA /* Build configuration list for PBXNativeTarget "ServiceRecordTests" */ = {
			isa = XCConfigurationList;
			buildConfigurations = (
				28C8C19E18A97E0F009231DA /* Debug */,
				28C8C19F18A97E0F009231DA /* Release */,
			);
			defaultConfigurationIsVisible = 0;
			defaultConfigurationName = Release;
		};
/* End XCConfigurationList section */

/* Begin XCVersionGroup section */
		28C8C17F18A97E0F009231DA /* ServiceRecord.xcdatamodeld */ = {
			isa = XCVersionGroup;
			children = (
				28C8C18018A97E0F009231DA /* ServiceRecord.xcdatamodel */,
			);
			currentVersion = 28C8C18018A97E0F009231DA /* ServiceRecord.xcdatamodel */;
			path = ServiceRecord.xcdatamodeld;
			sourceTree = "<group>";
			versionGroupType = wrapper.xcdatamodel;
		};
/* End XCVersionGroup section */
	};
	rootObject = 28C8C16018A97E0F009231DA /* Project object */;
}
